
Microsoft Visual Studio Solution File, Format Version 12.00
# Visual Studio Version 17
VisualStudioVersion = 17.13.35806.99 d17.13
MinimumVisualStudioVersion = 10.0.40219.1
Project("{FAE04EC0-301F-11D3-BF4B-00C04F79EFBC}") = "VaraPrasad", "VaraPrasad.csproj", "{6F0A5549-25BE-4254-A7F2-2C47421B342E}"
EndProject
Global
	GlobalSection(SolutionConfigurationPlatforms) = preSolution
		Debug|Any CPU = Debug|Any CPU
		Release|Any CPU = Release|Any CPU
	EndGlobalSection
	GlobalSection(ProjectConfigurationPlatforms) = postSolution
		{6F0A5549-25BE-4254-A7F2-2C47421B342E}.Debug|Any CPU.ActiveCfg = Debug|Any CPU
		{6F0A5549-25BE-4254-A7F2-2C47421B342E}.Debug|Any CPU.Build.0 = Debug|Any CPU
		{6F0A5549-25BE-4254-A7F2-2C47421B342E}.Release|Any CPU.ActiveCfg = Release|Any CPU
		{6F0A5549-25BE-4254-A7F2-2C47421B342E}.Release|Any CPU.Build.0 = Release|Any CPU
	EndGlobalSection
	GlobalSection(SolutionProperties) = preSolution
		HideSolutionNode = FALSE
	EndGlobalSection
	GlobalSection(ExtensibilityGlobals) = postSolution
		SolutionGuid = {8ADE0F92-B634-4381-98D0-0DEDA16EA505}
	EndGlobalSection
EndGlobal
