
Microsoft Visual Studio Solution File, Format Version 12.00
# Visual Studio Version 17
VisualStudioVersion = 17.13.35818.85
MinimumVisualStudioVersion = 10.0.40219.1
Project("{FAE04EC0-301F-11D3-BF4B-00C04F79EFBC}") = "unittesting_project", "unittesting_project.csproj", "{BA43A512-82CE-4B54-97AB-409C7A821A76}"
EndProject
Global
	GlobalSection(SolutionConfigurationPlatforms) = preSolution
		Debug|Any CPU = Debug|Any CPU
		Release|Any CPU = Release|Any CPU
	EndGlobalSection
	GlobalSection(ProjectConfigurationPlatforms) = postSolution
		{BA43A512-82CE-4B54-97AB-409C7A821A76}.Debug|Any CPU.ActiveCfg = Debug|Any CPU
		{BA43A512-82CE-4B54-97AB-409C7A821A76}.Debug|Any CPU.Build.0 = Debug|Any CPU
		{BA43A512-82CE-4B54-97AB-409C7A821A76}.Release|Any CPU.ActiveCfg = Release|Any CPU
		{BA43A512-82CE-4B54-97AB-409C7A821A76}.Release|Any CPU.Build.0 = Release|Any CPU
	EndGlobalSection
	GlobalSection(SolutionProperties) = preSolution
		HideSolutionNode = FALSE
	EndGlobalSection
	GlobalSection(ExtensibilityGlobals) = postSolution
		SolutionGuid = {26045E30-A1A7-4FEA-93A4-E14ABB81DF79}
	EndGlobalSection
EndGlobal
