
Microsoft Visual Studio Solution File, Format Version 12.00
# Visual Studio Version 17
VisualStudioVersion = 17.13.35806.99 d17.13
MinimumVisualStudioVersion = 10.0.40219.1
Project("{FAE04EC0-301F-11D3-BF4B-00C04F79EFBC}") = "Vara2", "Vara2.csproj", "{E42399B5-F5F1-449F-B730-27FE90E1BC96}"
EndProject
Global
	GlobalSection(SolutionConfigurationPlatforms) = preSolution
		Debug|Any CPU = Debug|Any CPU
		Release|Any CPU = Release|Any CPU
	EndGlobalSection
	GlobalSection(ProjectConfigurationPlatforms) = postSolution
		{E42399B5-F5F1-449F-B730-27FE90E1BC96}.Debug|Any CPU.ActiveCfg = Debug|Any CPU
		{E42399B5-F5F1-449F-B730-27FE90E1BC96}.Debug|Any CPU.Build.0 = Debug|Any CPU
		{E42399B5-F5F1-449F-B730-27FE90E1BC96}.Release|Any CPU.ActiveCfg = Release|Any CPU
		{E42399B5-F5F1-449F-B730-27FE90E1BC96}.Release|Any CPU.Build.0 = Release|Any CPU
	EndGlobalSection
	GlobalSection(SolutionProperties) = preSolution
		HideSolutionNode = FALSE
	EndGlobalSection
	GlobalSection(ExtensibilityGlobals) = postSolution
		SolutionGuid = {FF7A4FBC-FFB9-4059-A4B8-EA03F0B38B2B}
	EndGlobalSection
EndGlobal
